
Microsoft Visual Studio Solution File, Format Version 12.00
# Visual Studio 14
VisualStudioVersion = 14.0.24720.0
MinimumVisualStudioVersion = 10.0.40219.1
Project("{FAE04EC0-301F-11D3-BF4B-00C04F79EFBC}") = "WebExamenFinal", "WebExamenFinal\WebExamenFinal.csproj", "{62320CAF-FA3E-4F80-B89E-73345209AAEE}"
EndProject
Project("{FAE04EC0-301F-11D3-BF4B-00C04F79EFBC}") = "WebExamenFinal.Model", "WebExamenFinal.Model\WebExamenFinal.Model.csproj", "{9997DDA9-077D-414F-A76B-E5273B433766}"
EndProject
Project("{FAE04EC0-301F-11D3-BF4B-00C04F79EFBC}") = "WebExamenFinal.DataAccess", "WebExamenFinal.DataAccess\WebExamenFinal.DataAccess.csproj", "{F8C42EDA-4BA0-46E4-9C18-60DADED317E2}"
EndProject
Project("{FAE04EC0-301F-11D3-BF4B-00C04F79EFBC}") = "WebExamenFinal.Resource", "WebExamenFinal.Resource\WebExamenFinal.Resource.csproj", "{8C95EACE-3FA6-4DD7-9045-BD01EF9DB2A6}"
EndProject
Global
	GlobalSection(SolutionConfigurationPlatforms) = preSolution
		Debug|Any CPU = Debug|Any CPU
		Release|Any CPU = Release|Any CPU
	EndGlobalSection
	GlobalSection(ProjectConfigurationPlatforms) = postSolution
		{62320CAF-FA3E-4F80-B89E-73345209AAEE}.Debug|Any CPU.ActiveCfg = Debug|Any CPU
		{62320CAF-FA3E-4F80-B89E-73345209AAEE}.Debug|Any CPU.Build.0 = Debug|Any CPU
		{62320CAF-FA3E-4F80-B89E-73345209AAEE}.Release|Any CPU.ActiveCfg = Release|Any CPU
		{62320CAF-FA3E-4F80-B89E-73345209AAEE}.Release|Any CPU.Build.0 = Release|Any CPU
		{9997DDA9-077D-414F-A76B-E5273B433766}.Debug|Any CPU.ActiveCfg = Debug|Any CPU
		{9997DDA9-077D-414F-A76B-E5273B433766}.Debug|Any CPU.Build.0 = Debug|Any CPU
		{9997DDA9-077D-414F-A76B-E5273B433766}.Release|Any CPU.ActiveCfg = Release|Any CPU
		{9997DDA9-077D-414F-A76B-E5273B433766}.Release|Any CPU.Build.0 = Release|Any CPU
		{F8C42EDA-4BA0-46E4-9C18-60DADED317E2}.Debug|Any CPU.ActiveCfg = Debug|Any CPU
		{F8C42EDA-4BA0-46E4-9C18-60DADED317E2}.Debug|Any CPU.Build.0 = Debug|Any CPU
		{F8C42EDA-4BA0-46E4-9C18-60DADED317E2}.Release|Any CPU.ActiveCfg = Release|Any CPU
		{F8C42EDA-4BA0-46E4-9C18-60DADED317E2}.Release|Any CPU.Build.0 = Release|Any CPU
		{8C95EACE-3FA6-4DD7-9045-BD01EF9DB2A6}.Debug|Any CPU.ActiveCfg = Debug|Any CPU
		{8C95EACE-3FA6-4DD7-9045-BD01EF9DB2A6}.Debug|Any CPU.Build.0 = Debug|Any CPU
		{8C95EACE-3FA6-4DD7-9045-BD01EF9DB2A6}.Release|Any CPU.ActiveCfg = Release|Any CPU
		{8C95EACE-3FA6-4DD7-9045-BD01EF9DB2A6}.Release|Any CPU.Build.0 = Release|Any CPU
	EndGlobalSection
	GlobalSection(SolutionProperties) = preSolution
		HideSolutionNode = FALSE
	EndGlobalSection
EndGlobal
